
Microsoft Visual Studio Solution File, Format Version 12.00
# Visual Studio Version 17
VisualStudioVersion = 17.3.32929.385
MinimumVisualStudioVersion = 10.0.40219.1
Project("{FAE04EC0-301F-11D3-BF4B-00C04F79EFBC}") = "assig1", "assig1\assig1.csproj", "{F4C0F759-860B-45C2-8C6C-E34E5367483E}"
EndProject
Global
	GlobalSection(SolutionConfigurationPlatforms) = preSolution
		Debug|Any CPU = Debug|Any CPU
		Release|Any CPU = Release|Any CPU
	EndGlobalSection
	GlobalSection(ProjectConfigurationPlatforms) = postSolution
		{F4C0F759-860B-45C2-8C6C-E34E5367483E}.Debug|Any CPU.ActiveCfg = Debug|Any CPU
		{F4C0F759-860B-45C2-8C6C-E34E5367483E}.Debug|Any CPU.Build.0 = Debug|Any CPU
		{F4C0F759-860B-45C2-8C6C-E34E5367483E}.Release|Any CPU.ActiveCfg = Release|Any CPU
		{F4C0F759-860B-45C2-8C6C-E34E5367483E}.Release|Any CPU.Build.0 = Release|Any CPU
	EndGlobalSection
	GlobalSection(SolutionProperties) = preSolution
		HideSolutionNode = FALSE
	EndGlobalSection
	GlobalSection(ExtensibilityGlobals) = postSolution
		SolutionGuid = {7BC4441A-5231-4B69-9A58-9157414D2427}
	EndGlobalSection
EndGlobal
